// !$*UTF8*$!
{
	archiveVersion = 1;
	classes = {
	};
	objectVersion = 46;
	objects = {

/* Begin PBXBuildFile section */
		2646A468197F362A00C4FE5D /* EditFriendsViewController.m in Sources */ = {isa = PBXBuildFile; fileRef = 2646A467197F362A00C4FE5D /* EditFriendsViewController.m */; };
		269BD593198731B300B378EF /* RibbitMessagingViewController.m in Sources */ = {isa = PBXBuildFile; fileRef = 269BD591198731B300B378EF /* RibbitMessagingViewController.m */; };
		269BD594198731B300B378EF /* RibbitMessagingViewController.xib in Resources */ = {isa = PBXBuildFile; fileRef = 269BD592198731B300B378EF /* RibbitMessagingViewController.xib */; };
		26BAEB651976051A0065B33F /* Foundation.framework in Frameworks */ = {isa = PBXBuildFile; fileRef = 26BAEB641976051A0065B33F /* Foundation.framework */; };
		26BAEB671976051A0065B33F /* CoreGraphics.framework in Frameworks */ = {isa = PBXBuildFile; fileRef = 26BAEB661976051A0065B33F /* CoreGraphics.framework */; };
		26BAEB691976051A0065B33F /* UIKit.framework in Frameworks */ = {isa = PBXBuildFile; fileRef = 26BAEB681976051A0065B33F /* UIKit.framework */; };
		26BAEB6F1976051A0065B33F /* InfoPlist.strings in Resources */ = {isa = PBXBuildFile; fileRef = 26BAEB6D1976051A0065B33F /* InfoPlist.strings */; };
		26BAEB711976051A0065B33F /* main.m in Sources */ = {isa = PBXBuildFile; fileRef = 26BAEB701976051A0065B33F /* main.m */; };
		26BAEB751976051A0065B33F /* RAAppDelegate.m in Sources */ = {isa = PBXBuildFile; fileRef = 26BAEB741976051A0065B33F /* RAAppDelegate.m */; };
		26BAEB771976051A0065B33F /* Images.xcassets in Resources */ = {isa = PBXBuildFile; fileRef = 26BAEB761976051A0065B33F /* Images.xcassets */; };
		26BAEB7E1976051B0065B33F /* XCTest.framework in Frameworks */ = {isa = PBXBuildFile; fileRef = 26BAEB7D1976051B0065B33F /* XCTest.framework */; };
		26BAEB7F1976051B0065B33F /* Foundation.framework in Frameworks */ = {isa = PBXBuildFile; fileRef = 26BAEB641976051A0065B33F /* Foundation.framework */; };
		26BAEB801976051B0065B33F /* UIKit.framework in Frameworks */ = {isa = PBXBuildFile; fileRef = 26BAEB681976051A0065B33F /* UIKit.framework */; };
		26BAEB881976051B0065B33F /* InfoPlist.strings in Resources */ = {isa = PBXBuildFile; fileRef = 26BAEB861976051B0065B33F /* InfoPlist.strings */; };
		26BAEB8A1976051B0065B33F /* RibbitTests.m in Sources */ = {isa = PBXBuildFile; fileRef = 26BAEB891976051B0065B33F /* RibbitTests.m */; };
		26BAEB9B19760BAD0065B33F /* camera.png in Resources */ = {isa = PBXBuildFile; fileRef = 26BAEB9519760BAD0065B33F /* camera.png */; };
		26BAEB9C19760BAD0065B33F /* camera@2x.png in Resources */ = {isa = PBXBuildFile; fileRef = 26BAEB9619760BAD0065B33F /* camera@2x.png */; };
		26BAEB9D19760BAD0065B33F /* friends.png in Resources */ = {isa = PBXBuildFile; fileRef = 26BAEB9719760BAD0065B33F /* friends.png */; };
		26BAEB9E19760BAD0065B33F /* friends@2x.png in Resources */ = {isa = PBXBuildFile; fileRef = 26BAEB9819760BAD0065B33F /* friends@2x.png */; };
		26BAEB9F19760BAD0065B33F /* inbox.png in Resources */ = {isa = PBXBuildFile; fileRef = 26BAEB9919760BAD0065B33F /* inbox.png */; };
		26BAEBA019760BAD0065B33F /* inbox@2x.png in Resources */ = {isa = PBXBuildFile; fileRef = 26BAEB9A19760BAD0065B33F /* inbox@2x.png */; };
		26BAEBA4197634590065B33F /* InboxViewControllerTableViewController.m in Sources */ = {isa = PBXBuildFile; fileRef = 26BAEBA3197634590065B33F /* InboxViewControllerTableViewController.m */; };
		26BAEBE71976476C0065B33F /* Parse.framework in Frameworks */ = {isa = PBXBuildFile; fileRef = 26BAEBE61976476C0065B33F /* Parse.framework */; };
		26BAEBE9197648340065B33F /* AudioToolbox.framework in Frameworks */ = {isa = PBXBuildFile; fileRef = 26BAEBE8197648340065B33F /* AudioToolbox.framework */; };
		26BAEBEB197648540065B33F /* CFNetwork.framework in Frameworks */ = {isa = PBXBuildFile; fileRef = 26BAEBEA197648540065B33F /* CFNetwork.framework */; };
		26BAEBF31976488C0065B33F /* CoreLocation.framework in Frameworks */ = {isa = PBXBuildFile; fileRef = 26BAEBEC1976488C0065B33F /* CoreLocation.framework */; };
		26BAEBF41976488C0065B33F /* libz.dylib in Frameworks */ = {isa = PBXBuildFile; fileRef = 26BAEBED1976488C0065B33F /* libz.dylib */; };
		26BAEBF51976488C0065B33F /* MobileCoreServices.framework in Frameworks */ = {isa = PBXBuildFile; fileRef = 26BAEBEE1976488C0065B33F /* MobileCoreServices.framework */; };
		26BAEBF61976488C0065B33F /* QuartzCore.framework in Frameworks */ = {isa = PBXBuildFile; fileRef = 26BAEBEF1976488C0065B33F /* QuartzCore.framework */; };
		26BAEBF71976488C0065B33F /* Security.framework in Frameworks */ = {isa = PBXBuildFile; fileRef = 26BAEBF01976488C0065B33F /* Security.framework */; };
		26BAEBF81976488C0065B33F /* StoreKit.framework in Frameworks */ = {isa = PBXBuildFile; fileRef = 26BAEBF11976488C0065B33F /* StoreKit.framework */; };
		26BAEBF91976488C0065B33F /* SystemConfiguration.framework in Frameworks */ = {isa = PBXBuildFile; fileRef = 26BAEBF21976488C0065B33F /* SystemConfiguration.framework */; };
		26BAEBFC19764E100065B33F /* LoginViewController.m in Sources */ = {isa = PBXBuildFile; fileRef = 26BAEBFB19764E100065B33F /* LoginViewController.m */; };
		26BAEBFF19764E220065B33F /* SignupViewController.m in Sources */ = {isa = PBXBuildFile; fileRef = 26BAEBFE19764E220065B33F /* SignupViewController.m */; };
		26BAEC6019789B320065B33F /* MainStoryboard.storyboard in Resources */ = {isa = PBXBuildFile; fileRef = 26BAEC5F19789B320065B33F /* MainStoryboard.storyboard */; };
		26BAEC631978A1520065B33F /* Shopping Cart.png in Resources */ = {isa = PBXBuildFile; fileRef = 26BAEC611978A1520065B33F /* Shopping Cart.png */; };
		26BAEC641978A1520065B33F /* Shopping Cart@2x.png in Resources */ = {isa = PBXBuildFile; fileRef = 26BAEC621978A1520065B33F /* Shopping Cart@2x.png */; };
		26BAEC671978A1DF0065B33F /* ShopTableViewController.m in Sources */ = {isa = PBXBuildFile; fileRef = 26BAEC661978A1DF0065B33F /* ShopTableViewController.m */; };
		26BAEC6E1978A7500065B33F /* Development.xcconfig in Resources */ = {isa = PBXBuildFile; fileRef = 26BAEC6D1978A7500065B33F /* Development.xcconfig */; };
		26BAEC721978EEC60065B33F /* ShopTableViewCell.m in Sources */ = {isa = PBXBuildFile; fileRef = 26BAEC711978EEC60065B33F /* ShopTableViewCell.m */; };
		26BAEC7B19790B230065B33F /* TabBarControllerDelegate.m in Sources */ = {isa = PBXBuildFile; fileRef = 26BAEC7A19790B230065B33F /* TabBarControllerDelegate.m */; };
		26BAEC7E1979E3420065B33F /* ProductItemStore.m in Sources */ = {isa = PBXBuildFile; fileRef = 26BAEC7D1979E3420065B33F /* ProductItemStore.m */; };
		26BAEC831979E7610065B33F /* ProductItem.m in Sources */ = {isa = PBXBuildFile; fileRef = 26BAEC821979E7610065B33F /* ProductItem.m */; };
		26CD0BBF197F7BA100D617FF /* FriendsViewController.m in Sources */ = {isa = PBXBuildFile; fileRef = 26CD0BBE197F7BA100D617FF /* FriendsViewController.m */; };
		26CD0BC2197F838600D617FF /* FriendsStore.m in Sources */ = {isa = PBXBuildFile; fileRef = 26CD0BC1197F838600D617FF /* FriendsStore.m */; };
/* End PBXBuildFile section */

/* Begin PBXContainerItemProxy section */
		26BAEB811976051B0065B33F /* PBXContainerItemProxy */ = {
			isa = PBXContainerItemProxy;
			containerPortal = 26BAEB591976051A0065B33F /* Project object */;
			proxyType = 1;
			remoteGlobalIDString = 26BAEB601976051A0065B33F;
			remoteInfo = Ribbit;
		};
/* End PBXContainerItemProxy section */

/* Begin PBXFileReference section */
		2646A466197F362A00C4FE5D /* EditFriendsViewController.h */ = {isa = PBXFileReference; fileEncoding = 4; lastKnownFileType = sourcecode.c.h; name = EditFriendsViewController.h; path = ../EditFriendsViewController.h; sourceTree = "<group>"; };
		2646A467197F362A00C4FE5D /* EditFriendsViewController.m */ = {isa = PBXFileReference; fileEncoding = 4; lastKnownFileType = sourcecode.c.objc; name = EditFriendsViewController.m; path = ../EditFriendsViewController.m; sourceTree = "<group>"; };
		269BD590198731B300B378EF /* RibbitMessagingViewController.h */ = {isa = PBXFileReference; fileEncoding = 4; lastKnownFileType = sourcecode.c.h; path = RibbitMessagingViewController.h; sourceTree = "<group>"; };
		269BD591198731B300B378EF /* RibbitMessagingViewController.m */ = {isa = PBXFileReference; fileEncoding = 4; lastKnownFileType = sourcecode.c.objc; path = RibbitMessagingViewController.m; sourceTree = "<group>"; };
		269BD592198731B300B378EF /* RibbitMessagingViewController.xib */ = {isa = PBXFileReference; fileEncoding = 4; lastKnownFileType = file.xib; path = RibbitMessagingViewController.xib; sourceTree = "<group>"; };
		26BAEB611976051A0065B33F /* Ribbit.app */ = {isa = PBXFileReference; explicitFileType = wrapper.application; includeInIndex = 0; path = Ribbit.app; sourceTree = BUILT_PRODUCTS_DIR; };
		26BAEB641976051A0065B33F /* Foundation.framework */ = {isa = PBXFileReference; lastKnownFileType = wrapper.framework; name = Foundation.framework; path = System/Library/Frameworks/Foundation.framework; sourceTree = SDKROOT; };
		26BAEB661976051A0065B33F /* CoreGraphics.framework */ = {isa = PBXFileReference; lastKnownFileType = wrapper.framework; name = CoreGraphics.framework; path = System/Library/Frameworks/CoreGraphics.framework; sourceTree = SDKROOT; };
		26BAEB681976051A0065B33F /* UIKit.framework */ = {isa = PBXFileReference; lastKnownFileType = wrapper.framework; name = UIKit.framework; path = System/Library/Frameworks/UIKit.framework; sourceTree = SDKROOT; };
		26BAEB6C1976051A0065B33F /* Ribbit-Info.plist */ = {isa = PBXFileReference; lastKnownFileType = text.plist.xml; path = "Ribbit-Info.plist"; sourceTree = "<group>"; };
		26BAEB6E1976051A0065B33F /* en */ = {isa = PBXFileReference; lastKnownFileType = text.plist.strings; name = en; path = en.lproj/InfoPlist.strings; sourceTree = "<group>"; };
		26BAEB701976051A0065B33F /* main.m */ = {isa = PBXFileReference; lastKnownFileType = sourcecode.c.objc; path = main.m; sourceTree = "<group>"; };
		26BAEB721976051A0065B33F /* Ribbit-Prefix.pch */ = {isa = PBXFileReference; lastKnownFileType = sourcecode.c.h; path = "Ribbit-Prefix.pch"; sourceTree = "<group>"; };
		26BAEB731976051A0065B33F /* RAAppDelegate.h */ = {isa = PBXFileReference; lastKnownFileType = sourcecode.c.h; path = RAAppDelegate.h; sourceTree = "<group>"; };
		26BAEB741976051A0065B33F /* RAAppDelegate.m */ = {isa = PBXFileReference; lastKnownFileType = sourcecode.c.objc; path = RAAppDelegate.m; sourceTree = "<group>"; };
		26BAEB761976051A0065B33F /* Images.xcassets */ = {isa = PBXFileReference; lastKnownFileType = folder.assetcatalog; path = Images.xcassets; sourceTree = "<group>"; };
		26BAEB7C1976051B0065B33F /* RibbitTests.xctest */ = {isa = PBXFileReference; explicitFileType = wrapper.cfbundle; includeInIndex = 0; path = RibbitTests.xctest; sourceTree = BUILT_PRODUCTS_DIR; };
		26BAEB7D1976051B0065B33F /* XCTest.framework */ = {isa = PBXFileReference; lastKnownFileType = wrapper.framework; name = XCTest.framework; path = Library/Frameworks/XCTest.framework; sourceTree = DEVELOPER_DIR; };
		26BAEB851976051B0065B33F /* RibbitTests-Info.plist */ = {isa = PBXFileReference; lastKnownFileType = text.plist.xml; path = "RibbitTests-Info.plist"; sourceTree = "<group>"; };
		26BAEB871976051B0065B33F /* en */ = {isa = PBXFileReference; lastKnownFileType = text.plist.strings; name = en; path = en.lproj/InfoPlist.strings; sourceTree = "<group>"; };
		26BAEB891976051B0065B33F /* RibbitTests.m */ = {isa = PBXFileReference; lastKnownFileType = sourcecode.c.objc; path = RibbitTests.m; sourceTree = "<group>"; };
		26BAEB9519760BAD0065B33F /* camera.png */ = {isa = PBXFileReference; lastKnownFileType = image.png; name = camera.png; path = ../camera.png; sourceTree = "<group>"; };
		26BAEB9619760BAD0065B33F /* camera@2x.png */ = {isa = PBXFileReference; lastKnownFileType = image.png; name = "camera@2x.png"; path = "../camera@2x.png"; sourceTree = "<group>"; };
		26BAEB9719760BAD0065B33F /* friends.png */ = {isa = PBXFileReference; lastKnownFileType = image.png; name = friends.png; path = ../friends.png; sourceTree = "<group>"; };
		26BAEB9819760BAD0065B33F /* friends@2x.png */ = {isa = PBXFileReference; lastKnownFileType = image.png; name = "friends@2x.png"; path = "../friends@2x.png"; sourceTree = "<group>"; };
		26BAEB9919760BAD0065B33F /* inbox.png */ = {isa = PBXFileReference; lastKnownFileType = image.png; name = inbox.png; path = ../inbox.png; sourceTree = "<group>"; };
		26BAEB9A19760BAD0065B33F /* inbox@2x.png */ = {isa = PBXFileReference; lastKnownFileType = image.png; name = "inbox@2x.png"; path = "../inbox@2x.png"; sourceTree = "<group>"; };
		26BAEBA2197634590065B33F /* InboxViewControllerTableViewController.h */ = {isa = PBXFileReference; fileEncoding = 4; lastKnownFileType = sourcecode.c.h; name = InboxViewControllerTableViewController.h; path = ../InboxViewControllerTableViewController.h; sourceTree = "<group>"; };
		26BAEBA3197634590065B33F /* InboxViewControllerTableViewController.m */ = {isa = PBXFileReference; fileEncoding = 4; lastKnownFileType = sourcecode.c.objc; name = InboxViewControllerTableViewController.m; path = ../InboxViewControllerTableViewController.m; sourceTree = "<group>"; };
		26BAEBE61976476C0065B33F /* Parse.framework */ = {isa = PBXFileReference; lastKnownFileType = wrapper.framework; path = Parse.framework; sourceTree = "<group>"; };
		26BAEBE8197648340065B33F /* AudioToolbox.framework */ = {isa = PBXFileReference; lastKnownFileType = wrapper.framework; name = AudioToolbox.framework; path = System/Library/Frameworks/AudioToolbox.framework; sourceTree = SDKROOT; };
		26BAEBEA197648540065B33F /* CFNetwork.framework */ = {isa = PBXFileReference; lastKnownFileType = wrapper.framework; name = CFNetwork.framework; path = System/Library/Frameworks/CFNetwork.framework; sourceTree = SDKROOT; };
		26BAEBEC1976488C0065B33F /* CoreLocation.framework */ = {isa = PBXFileReference; lastKnownFileType = wrapper.framework; name = CoreLocation.framework; path = System/Library/Frameworks/CoreLocation.framework; sourceTree = SDKROOT; };
		26BAEBED1976488C0065B33F /* libz.dylib */ = {isa = PBXFileReference; lastKnownFileType = "compiled.mach-o.dylib"; name = libz.dylib; path = usr/lib/libz.dylib; sourceTree = SDKROOT; };
		26BAEBEE1976488C0065B33F /* MobileCoreServices.framework */ = {isa = PBXFileReference; lastKnownFileType = wrapper.framework; name = MobileCoreServices.framework; path = System/Library/Frameworks/MobileCoreServices.framework; sourceTree = SDKROOT; };
		26BAEBEF1976488C0065B33F /* QuartzCore.framework */ = {isa = PBXFileReference; lastKnownFileType = wrapper.framework; name = QuartzCore.framework; path = System/Library/Frameworks/QuartzCore.framework; sourceTree = SDKROOT; };
		26BAEBF01976488C0065B33F /* Security.framework */ = {isa = PBXFileReference; lastKnownFileType = wrapper.framework; name = Security.framework; path = System/Library/Frameworks/Security.framework; sourceTree = SDKROOT; };
		26BAEBF11976488C0065B33F /* StoreKit.framework */ = {isa = PBXFileReference; lastKnownFileType = wrapper.framework; name = StoreKit.framework; path = System/Library/Frameworks/StoreKit.framework; sourceTree = SDKROOT; };
		26BAEBF21976488C0065B33F /* SystemConfiguration.framework */ = {isa = PBXFileReference; lastKnownFileType = wrapper.framework; name = SystemConfiguration.framework; path = System/Library/Frameworks/SystemConfiguration.framework; sourceTree = SDKROOT; };
		26BAEBFA19764E100065B33F /* LoginViewController.h */ = {isa = PBXFileReference; fileEncoding = 4; lastKnownFileType = sourcecode.c.h; name = LoginViewController.h; path = ../LoginViewController.h; sourceTree = "<group>"; };
		26BAEBFB19764E100065B33F /* LoginViewController.m */ = {isa = PBXFileReference; fileEncoding = 4; lastKnownFileType = sourcecode.c.objc; name = LoginViewController.m; path = ../LoginViewController.m; sourceTree = "<group>"; };
		26BAEBFD19764E220065B33F /* SignupViewController.h */ = {isa = PBXFileReference; fileEncoding = 4; lastKnownFileType = sourcecode.c.h; name = SignupViewController.h; path = ../SignupViewController.h; sourceTree = "<group>"; };
		26BAEBFE19764E220065B33F /* SignupViewController.m */ = {isa = PBXFileReference; fileEncoding = 4; lastKnownFileType = sourcecode.c.objc; name = SignupViewController.m; path = ../SignupViewController.m; sourceTree = "<group>"; };
		26BAEC5F19789B320065B33F /* MainStoryboard.storyboard */ = {isa = PBXFileReference; fileEncoding = 4; lastKnownFileType = file.storyboard; path = MainStoryboard.storyboard; sourceTree = "<group>"; };
		26BAEC611978A1520065B33F /* Shopping Cart.png */ = {isa = PBXFileReference; lastKnownFileType = image.png; path = "Shopping Cart.png"; sourceTree = "<group>"; };
		26BAEC621978A1520065B33F /* Shopping Cart@2x.png */ = {isa = PBXFileReference; lastKnownFileType = image.png; path = "Shopping Cart@2x.png"; sourceTree = "<group>"; };
		26BAEC651978A1DF0065B33F /* ShopTableViewController.h */ = {isa = PBXFileReference; fileEncoding = 4; lastKnownFileType = sourcecode.c.h; path = ShopTableViewController.h; sourceTree = "<group>"; };
		26BAEC661978A1DF0065B33F /* ShopTableViewController.m */ = {isa = PBXFileReference; fileEncoding = 4; lastKnownFileType = sourcecode.c.objc; path = ShopTableViewController.m; sourceTree = "<group>"; };
		26BAEC6D1978A7500065B33F /* Development.xcconfig */ = {isa = PBXFileReference; fileEncoding = 4; lastKnownFileType = text.xcconfig; path = Development.xcconfig; sourceTree = "<group>"; };
		26BAEC6F1978A7630065B33F /* Distribution.xcconfig */ = {isa = PBXFileReference; lastKnownFileType = text.xcconfig; path = Distribution.xcconfig; sourceTree = "<group>"; };
		26BAEC701978EEC60065B33F /* ShopTableViewCell.h */ = {isa = PBXFileReference; fileEncoding = 4; lastKnownFileType = sourcecode.c.h; path = ShopTableViewCell.h; sourceTree = "<group>"; };
		26BAEC711978EEC60065B33F /* ShopTableViewCell.m */ = {isa = PBXFileReference; fileEncoding = 4; lastKnownFileType = sourcecode.c.objc; path = ShopTableViewCell.m; sourceTree = "<group>"; };
		26BAEC7919790B230065B33F /* TabBarControllerDelegate.h */ = {isa = PBXFileReference; fileEncoding = 4; lastKnownFileType = sourcecode.c.h; name = TabBarControllerDelegate.h; path = ../TabBarControllerDelegate.h; sourceTree = "<group>"; };
		26BAEC7A19790B230065B33F /* TabBarControllerDelegate.m */ = {isa = PBXFileReference; fileEncoding = 4; lastKnownFileType = sourcecode.c.objc; name = TabBarControllerDelegate.m; path = ../TabBarControllerDelegate.m; sourceTree = "<group>"; };
		26BAEC7C1979E3420065B33F /* ProductItemStore.h */ = {isa = PBXFileReference; fileEncoding = 4; lastKnownFileType = sourcecode.c.h; path = ProductItemStore.h; sourceTree = "<group>"; };
		26BAEC7D1979E3420065B33F /* ProductItemStore.m */ = {isa = PBXFileReference; fileEncoding = 4; lastKnownFileType = sourcecode.c.objc; path = ProductItemStore.m; sourceTree = "<group>"; };
		26BAEC811979E7610065B33F /* ProductItem.h */ = {isa = PBXFileReference; fileEncoding = 4; lastKnownFileType = sourcecode.c.h; path = ProductItem.h; sourceTree = "<group>"; };
		26BAEC821979E7610065B33F /* ProductItem.m */ = {isa = PBXFileReference; fileEncoding = 4; lastKnownFileType = sourcecode.c.objc; path = ProductItem.m; sourceTree = "<group>"; };
		26BAEC88197B52770065B33F /* ProductItemStoreDelegate.h */ = {isa = PBXFileReference; lastKnownFileType = sourcecode.c.h; name = ProductItemStoreDelegate.h; path = ../ProductItemStoreDelegate.h; sourceTree = "<group>"; };
		26CD0BBD197F7BA100D617FF /* FriendsViewController.h */ = {isa = PBXFileReference; fileEncoding = 4; lastKnownFileType = sourcecode.c.h; name = FriendsViewController.h; path = ../FriendsViewController.h; sourceTree = "<group>"; };
		26CD0BBE197F7BA100D617FF /* FriendsViewController.m */ = {isa = PBXFileReference; fileEncoding = 4; lastKnownFileType = sourcecode.c.objc; name = FriendsViewController.m; path = ../FriendsViewController.m; sourceTree = "<group>"; };
		26CD0BC0197F838600D617FF /* FriendsStore.h */ = {isa = PBXFileReference; fileEncoding = 4; lastKnownFileType = sourcecode.c.h; path = FriendsStore.h; sourceTree = "<group>"; };
		26CD0BC1197F838600D617FF /* FriendsStore.m */ = {isa = PBXFileReference; fileEncoding = 4; lastKnownFileType = sourcecode.c.objc; path = FriendsStore.m; sourceTree = "<group>"; };
/* End PBXFileReference section */

/* Begin PBXFrameworksBuildPhase section */
		26BAEB5E1976051A0065B33F /* Frameworks */ = {
			isa = PBXFrameworksBuildPhase;
			buildActionMask = 2147483647;
			files = (
				26BAEBF31976488C0065B33F /* CoreLocation.framework in Frameworks */,
				26BAEBF41976488C0065B33F /* libz.dylib in Frameworks */,
				26BAEBF51976488C0065B33F /* MobileCoreServices.framework in Frameworks */,
				26BAEBF61976488C0065B33F /* QuartzCore.framework in Frameworks */,
				26BAEBF71976488C0065B33F /* Security.framework in Frameworks */,
				26BAEBF81976488C0065B33F /* StoreKit.framework in Frameworks */,
				26BAEBF91976488C0065B33F /* SystemConfiguration.framework in Frameworks */,
				26BAEB671976051A0065B33F /* CoreGraphics.framework in Frameworks */,
				26BAEBEB197648540065B33F /* CFNetwork.framework in Frameworks */,
				26BAEBE9197648340065B33F /* AudioToolbox.framework in Frameworks */,
				26BAEB691976051A0065B33F /* UIKit.framework in Frameworks */,
				26BAEBE71976476C0065B33F /* Parse.framework in Frameworks */,
				26BAEB651976051A0065B33F /* Foundation.framework in Frameworks */,
			);
			runOnlyForDeploymentPostprocessing = 0;
		};
		26BAEB791976051B0065B33F /* Frameworks */ = {
			isa = PBXFrameworksBuildPhase;
			buildActionMask = 2147483647;
			files = (
				26BAEB7E1976051B0065B33F /* XCTest.framework in Frameworks */,
				26BAEB801976051B0065B33F /* UIKit.framework in Frameworks */,
				26BAEB7F1976051B0065B33F /* Foundation.framework in Frameworks */,
			);
			runOnlyForDeploymentPostprocessing = 0;
		};
/* End PBXFrameworksBuildPhase section */

/* Begin PBXGroup section */
		26BAEB581976051A0065B33F = {
			isa = PBXGroup;
			children = (
				26BAEC6D1978A7500065B33F /* Development.xcconfig */,
				26BAEC6F1978A7630065B33F /* Distribution.xcconfig */,
				26BAEC5F19789B320065B33F /* MainStoryboard.storyboard */,
				26BAEB6A1976051A0065B33F /* Ribbit */,
				26BAEB831976051B0065B33F /* RibbitTests */,
				26BAEB631976051A0065B33F /* Frameworks */,
				26BAEB621976051A0065B33F /* Products */,
			);
			sourceTree = "<group>";
		};
		26BAEB621976051A0065B33F /* Products */ = {
			isa = PBXGroup;
			children = (
				26BAEB611976051A0065B33F /* Ribbit.app */,
				26BAEB7C1976051B0065B33F /* RibbitTests.xctest */,
			);
			name = Products;
			sourceTree = "<group>";
		};
		26BAEB631976051A0065B33F /* Frameworks */ = {
			isa = PBXGroup;
			children = (
				26BAEBEC1976488C0065B33F /* CoreLocation.framework */,
				26BAEBED1976488C0065B33F /* libz.dylib */,
				26BAEBEE1976488C0065B33F /* MobileCoreServices.framework */,
				26BAEBEF1976488C0065B33F /* QuartzCore.framework */,
				26BAEBF01976488C0065B33F /* Security.framework */,
				26BAEBF11976488C0065B33F /* StoreKit.framework */,
				26BAEBF21976488C0065B33F /* SystemConfiguration.framework */,
				26BAEBEA197648540065B33F /* CFNetwork.framework */,
				26BAEBE8197648340065B33F /* AudioToolbox.framework */,
				26BAEBE61976476C0065B33F /* Parse.framework */,
				26BAEB641976051A0065B33F /* Foundation.framework */,
				26BAEB661976051A0065B33F /* CoreGraphics.framework */,
				26BAEB681976051A0065B33F /* UIKit.framework */,
				26BAEB7D1976051B0065B33F /* XCTest.framework */,
			);
			name = Frameworks;
			sourceTree = "<group>";
		};
		26BAEB6A1976051A0065B33F /* Ribbit */ = {
			isa = PBXGroup;
			children = (
				26BAEB731976051A0065B33F /* RAAppDelegate.h */,
				26BAEB741976051A0065B33F /* RAAppDelegate.m */,
				26BAEC801979E7140065B33F /* contorller */,
				26BAEC84197A21E30065B33F /* delegate */,
				26BAEC7F1979E7030065B33F /* model */,
				26BAEBA119760BF60065B33F /* Images */,
				26BAEB761976051A0065B33F /* Images.xcassets */,
				26BAEB6B1976051A0065B33F /* Supporting Files */,
			);
			path = Ribbit;
			sourceTree = "<group>";
		};
		26BAEB6B1976051A0065B33F /* Supporting Files */ = {
			isa = PBXGroup;
			children = (
				26BAEB6C1976051A0065B33F /* Ribbit-Info.plist */,
				26BAEB6D1976051A0065B33F /* InfoPlist.strings */,
				26BAEB701976051A0065B33F /* main.m */,
				26BAEB721976051A0065B33F /* Ribbit-Prefix.pch */,
			);
			name = "Supporting Files";
			sourceTree = "<group>";
		};
		26BAEB831976051B0065B33F /* RibbitTests */ = {
			isa = PBXGroup;
			children = (
				26BAEB891976051B0065B33F /* RibbitTests.m */,
				26BAEB841976051B0065B33F /* Supporting Files */,
			);
			path = RibbitTests;
			sourceTree = "<group>";
		};
		26BAEB841976051B0065B33F /* Supporting Files */ = {
			isa = PBXGroup;
			children = (
				26BAEB851976051B0065B33F /* RibbitTests-Info.plist */,
				26BAEB861976051B0065B33F /* InfoPlist.strings */,
			);
			name = "Supporting Files";
			sourceTree = "<group>";
		};
		26BAEBA119760BF60065B33F /* Images */ = {
			isa = PBXGroup;
			children = (
				26BAEB9519760BAD0065B33F /* camera.png */,
				26BAEC611978A1520065B33F /* Shopping Cart.png */,
				26BAEC621978A1520065B33F /* Shopping Cart@2x.png */,
				26BAEB9619760BAD0065B33F /* camera@2x.png */,
				26BAEB9719760BAD0065B33F /* friends.png */,
				26BAEB9819760BAD0065B33F /* friends@2x.png */,
				26BAEB9919760BAD0065B33F /* inbox.png */,
				26BAEB9A19760BAD0065B33F /* inbox@2x.png */,
			);
			name = Images;
			sourceTree = "<group>";
		};
		26BAEC7F1979E7030065B33F /* model */ = {
			isa = PBXGroup;
			children = (
				26BAEC7C1979E3420065B33F /* ProductItemStore.h */,
				26BAEC7D1979E3420065B33F /* ProductItemStore.m */,
				26BAEC88197B52770065B33F /* ProductItemStoreDelegate.h */,
				26BAEC811979E7610065B33F /* ProductItem.h */,
				26BAEC821979E7610065B33F /* ProductItem.m */,
				26CD0BC0197F838600D617FF /* FriendsStore.h */,
				26CD0BC1197F838600D617FF /* FriendsStore.m */,
			);
			name = model;
			sourceTree = "<group>";
		};
		26BAEC801979E7140065B33F /* contorller */ = {
			isa = PBXGroup;
			children = (
				26BAEBA2197634590065B33F /* InboxViewControllerTableViewController.h */,
				26BAEBA3197634590065B33F /* InboxViewControllerTableViewController.m */,
				26BAEBFA19764E100065B33F /* LoginViewController.h */,
				26BAEBFB19764E100065B33F /* LoginViewController.m */,
				26BAEBFD19764E220065B33F /* SignupViewController.h */,
				26BAEBFE19764E220065B33F /* SignupViewController.m */,
				2646A466197F362A00C4FE5D /* EditFriendsViewController.h */,
				2646A467197F362A00C4FE5D /* EditFriendsViewController.m */,
				26CD0BBD197F7BA100D617FF /* FriendsViewController.h */,
				26CD0BBE197F7BA100D617FF /* FriendsViewController.m */,
				269BD590198731B300B378EF /* RibbitMessagingViewController.h */,
				269BD591198731B300B378EF /* RibbitMessagingViewController.m */,
				269BD592198731B300B378EF /* RibbitMessagingViewController.xib */,
				26BAEC651978A1DF0065B33F /* ShopTableViewController.h */,
				26BAEC661978A1DF0065B33F /* ShopTableViewController.m */,
				26BAEC701978EEC60065B33F /* ShopTableViewCell.h */,
				26BAEC711978EEC60065B33F /* ShopTableViewCell.m */,
			);
			name = contorller;
			sourceTree = "<group>";
		};
		26BAEC84197A21E30065B33F /* delegate */ = {
			isa = PBXGroup;
			children = (
				26BAEC7919790B230065B33F /* TabBarControllerDelegate.h */,
				26BAEC7A19790B230065B33F /* TabBarControllerDelegate.m */,
			);
			name = delegate;
			sourceTree = "<group>";
		};
/* End PBXGroup section */

/* Begin PBXNativeTarget section */
		26BAEB601976051A0065B33F /* Ribbit */ = {
			isa = PBXNativeTarget;
			buildConfigurationList = 26BAEB8D1976051B0065B33F /* Build configuration list for PBXNativeTarget "Ribbit" */;
			buildPhases = (
				26BAEB5D1976051A0065B33F /* Sources */,
				26BAEB5E1976051A0065B33F /* Frameworks */,
				26BAEB5F1976051A0065B33F /* Resources */,
			);
			buildRules = (
			);
			dependencies = (
			);
			name = Ribbit;
			productName = Ribbit;
			productReference = 26BAEB611976051A0065B33F /* Ribbit.app */;
			productType = "com.apple.product-type.application";
		};
		26BAEB7B1976051B0065B33F /* RibbitTests */ = {
			isa = PBXNativeTarget;
			buildConfigurationList = 26BAEB901976051B0065B33F /* Build configuration list for PBXNativeTarget "RibbitTests" */;
			buildPhases = (
				26BAEB781976051B0065B33F /* Sources */,
				26BAEB791976051B0065B33F /* Frameworks */,
				26BAEB7A1976051B0065B33F /* Resources */,
			);
			buildRules = (
			);
			dependencies = (
				26BAEB821976051B0065B33F /* PBXTargetDependency */,
			);
			name = RibbitTests;
			productName = RibbitTests;
			productReference = 26BAEB7C1976051B0065B33F /* RibbitTests.xctest */;
			productType = "com.apple.product-type.bundle.unit-test";
		};
/* End PBXNativeTarget section */

/* Begin PBXProject section */
		26BAEB591976051A0065B33F /* Project object */ = {
			isa = PBXProject;
			attributes = {
				CLASSPREFIX = RA;
				LastUpgradeCheck = 0510;
				ORGANIZATIONNAME = alex.huang;
				TargetAttributes = {
					26BAEB7B1976051B0065B33F = {
						TestTargetID = 26BAEB601976051A0065B33F;
					};
				};
			};
			buildConfigurationList = 26BAEB5C1976051A0065B33F /* Build configuration list for PBXProject "Ribbit" */;
			compatibilityVersion = "Xcode 3.2";
			developmentRegion = English;
			hasScannedForEncodings = 0;
			knownRegions = (
				en,
			);
			mainGroup = 26BAEB581976051A0065B33F;
			productRefGroup = 26BAEB621976051A0065B33F /* Products */;
			projectDirPath = "";
			projectRoot = "";
			targets = (
				26BAEB601976051A0065B33F /* Ribbit */,
				26BAEB7B1976051B0065B33F /* RibbitTests */,
			);
		};
/* End PBXProject section */

/* Begin PBXResourcesBuildPhase section */
		26BAEB5F1976051A0065B33F /* Resources */ = {
			isa = PBXResourcesBuildPhase;
			buildActionMask = 2147483647;
			files = (
				26BAEB9D19760BAD0065B33F /* friends.png in Resources */,
				26BAEC6019789B320065B33F /* MainStoryboard.storyboard in Resources */,
				26BAEC631978A1520065B33F /* Shopping Cart.png in Resources */,
				269BD594198731B300B378EF /* RibbitMessagingViewController.xib in Resources */,
				26BAEB9E19760BAD0065B33F /* friends@2x.png in Resources */,
				26BAEB9C19760BAD0065B33F /* camera@2x.png in Resources */,
				26BAEB9F19760BAD0065B33F /* inbox.png in Resources */,
				26BAEB6F1976051A0065B33F /* InfoPlist.strings in Resources */,
				26BAEB9B19760BAD0065B33F /* camera.png in Resources */,
				26BAEB771976051A0065B33F /* Images.xcassets in Resources */,
				26BAEC6E1978A7500065B33F /* Development.xcconfig in Resources */,
				26BAEC641978A1520065B33F /* Shopping Cart@2x.png in Resources */,
				26BAEBA019760BAD0065B33F /* inbox@2x.png in Resources */,
			);
			runOnlyForDeploymentPostprocessing = 0;
		};
		26BAEB7A1976051B0065B33F /* Resources */ = {
			isa = PBXResourcesBuildPhase;
			buildActionMask = 2147483647;
			files = (
				26BAEB881976051B0065B33F /* InfoPlist.strings in Resources */,
			);
			runOnlyForDeploymentPostprocessing = 0;
		};
/* End PBXResourcesBuildPhase section */

/* Begin PBXSourcesBuildPhase section */
		26BAEB5D1976051A0065B33F /* Sources */ = {
			isa = PBXSourcesBuildPhase;
			buildActionMask = 2147483647;
			files = (
				26CD0BBF197F7BA100D617FF /* FriendsViewController.m in Sources */,
				26BAEC7B19790B230065B33F /* TabBarControllerDelegate.m in Sources */,
				2646A468197F362A00C4FE5D /* EditFriendsViewController.m in Sources */,
				26BAEBFC19764E100065B33F /* LoginViewController.m in Sources */,
				26BAEC7E1979E3420065B33F /* ProductItemStore.m in Sources */,
				26CD0BC2197F838600D617FF /* FriendsStore.m in Sources */,
				26BAEBA4197634590065B33F /* InboxViewControllerTableViewController.m in Sources */,
				26BAEC831979E7610065B33F /* ProductItem.m in Sources */,
				26BAEB711976051A0065B33F /* main.m in Sources */,
				26BAEC721978EEC60065B33F /* ShopTableViewCell.m in Sources */,
				26BAEC671978A1DF0065B33F /* ShopTableViewController.m in Sources */,
				269BD593198731B300B378EF /* RibbitMessagingViewController.m in Sources */,
				26BAEB751976051A0065B33F /* RAAppDelegate.m in Sources */,
				26BAEBFF19764E220065B33F /* SignupViewController.m in Sources */,
			);
			runOnlyForDeploymentPostprocessing = 0;
		};
		26BAEB781976051B0065B33F /* Sources */ = {
			isa = PBXSourcesBuildPhase;
			buildActionMask = 2147483647;
			files = (
				26BAEB8A1976051B0065B33F /* RibbitTests.m in Sources */,
			);
			runOnlyForDeploymentPostprocessing = 0;
		};
/* End PBXSourcesBuildPhase section */

/* Begin PBXTargetDependency section */
		26BAEB821976051B0065B33F /* PBXTargetDependency */ = {
			isa = PBXTargetDependency;
			target = 26BAEB601976051A0065B33F /* Ribbit */;
			targetProxy = 26BAEB811976051B0065B33F /* PBXContainerItemProxy */;
		};
/* End PBXTargetDependency section */

/* Begin PBXVariantGroup section */
		26BAEB6D1976051A0065B33F /* InfoPlist.strings */ = {
			isa = PBXVariantGroup;
			children = (
				26BAEB6E1976051A0065B33F /* en */,
			);
			name = InfoPlist.strings;
			sourceTree = "<group>";
		};
		26BAEB861976051B0065B33F /* InfoPlist.strings */ = {
			isa = PBXVariantGroup;
			children = (
				26BAEB871976051B0065B33F /* en */,
			);
			name = InfoPlist.strings;
			sourceTree = "<group>";
		};
/* End PBXVariantGroup section */

/* Begin XCBuildConfiguration section */
		26BAEB8B1976051B0065B33F /* Debug */ = {
			isa = XCBuildConfiguration;
			baseConfigurationReference = 26BAEC6D1978A7500065B33F /* Development.xcconfig */;
			buildSettings = {
				ALWAYS_SEARCH_USER_PATHS = NO;
				CLANG_CXX_LANGUAGE_STANDARD = "gnu++0x";
				CLANG_CXX_LIBRARY = "libc++";
				CLANG_ENABLE_MODULES = YES;
				CLANG_ENABLE_OBJC_ARC = YES;
				CLANG_WARN_BOOL_CONVERSION = YES;
				CLANG_WARN_CONSTANT_CONVERSION = YES;
				CLANG_WARN_DIRECT_OBJC_ISA_USAGE = YES_ERROR;
				CLANG_WARN_EMPTY_BODY = YES;
				CLANG_WARN_ENUM_CONVERSION = YES;
				CLANG_WARN_INT_CONVERSION = YES;
				CLANG_WARN_OBJC_ROOT_CLASS = YES_ERROR;
				CLANG_WARN__DUPLICATE_METHOD_MATCH = YES;
				CODE_SIGN_IDENTITY = "Apple Development IOS Push Services: org.alex.ribbit";
				"CODE_SIGN_IDENTITY[sdk=iphoneos*]" = "Apple Development IOS Push Services: org.alex.ribbit";
				COPY_PHASE_STRIP = NO;
				GCC_C_LANGUAGE_STANDARD = gnu99;
				GCC_DYNAMIC_NO_PIC = NO;
				GCC_OPTIMIZATION_LEVEL = 0;
				GCC_PREPROCESSOR_DEFINITIONS = (
					"DEBUG=1",
					"$(inherited)",
				);
				GCC_SYMBOLS_PRIVATE_EXTERN = NO;
				GCC_WARN_64_TO_32_BIT_CONVERSION = YES;
				GCC_WARN_ABOUT_RETURN_TYPE = YES_ERROR;
				GCC_WARN_UNDECLARED_SELECTOR = YES;
				GCC_WARN_UNINITIALIZED_AUTOS = YES_AGGRESSIVE;
				GCC_WARN_UNUSED_FUNCTION = YES;
				GCC_WARN_UNUSED_VARIABLE = YES;
				IPHONEOS_DEPLOYMENT_TARGET = 7.0;
				ONLY_ACTIVE_ARCH = YES;
				PROVISIONING_PROFILE = "0442619C-B54A-4C5A-B9CF-51DE7A14D1D7";
				SDKROOT = iphoneos;
			};
			name = Debug;
		};
		26BAEB8C1976051B0065B33F /* Release */ = {
			isa = XCBuildConfiguration;
			baseConfigurationReference = 26BAEC6F1978A7630065B33F /* Distribution.xcconfig */;
			buildSettings = {
				ALWAYS_SEARCH_USER_PATHS = NO;
				CLANG_CXX_LANGUAGE_STANDARD = "gnu++0x";
				CLANG_CXX_LIBRARY = "libc++";
				CLANG_ENABLE_MODULES = YES;
				CLANG_ENABLE_OBJC_ARC = YES;
				CLANG_WARN_BOOL_CONVERSION = YES;
				CLANG_WARN_CONSTANT_CONVERSION = YES;
				CLANG_WARN_DIRECT_OBJC_ISA_USAGE = YES_ERROR;
				CLANG_WARN_EMPTY_BODY = YES;
				CLANG_WARN_ENUM_CONVERSION = YES;
				CLANG_WARN_INT_CONVERSION = YES;
				CLANG_WARN_OBJC_ROOT_CLASS = YES_ERROR;
				CLANG_WARN__DUPLICATE_METHOD_MATCH = YES;
				CODE_SIGN_IDENTITY = "Apple Development IOS Push Services: org.alex.ribbit";
				"CODE_SIGN_IDENTITY[sdk=iphoneos*]" = "Apple Development IOS Push Services: org.alex.ribbit";
				COPY_PHASE_STRIP = YES;
				ENABLE_NS_ASSERTIONS = NO;
				GCC_C_LANGUAGE_STANDARD = gnu99;
				GCC_WARN_64_TO_32_BIT_CONVERSION = YES;
				GCC_WARN_ABOUT_RETURN_TYPE = YES_ERROR;
				GCC_WARN_UNDECLARED_SELECTOR = YES;
				GCC_WARN_UNINITIALIZED_AUTOS = YES_AGGRESSIVE;
				GCC_WARN_UNUSED_FUNCTION = YES;
				GCC_WARN_UNUSED_VARIABLE = YES;
				IPHONEOS_DEPLOYMENT_TARGET = 7.0;
				PROVISIONING_PROFILE = "0442619C-B54A-4C5A-B9CF-51DE7A14D1D7";
				SDKROOT = iphoneos;
				VALIDATE_PRODUCT = YES;
			};
			name = Release;
		};
		26BAEB8E1976051B0065B33F /* Debug */ = {
			isa = XCBuildConfiguration;
			buildSettings = {
				ASSETCATALOG_COMPILER_APPICON_NAME = AppIcon;
				ASSETCATALOG_COMPILER_LAUNCHIMAGE_NAME = LaunchImage;
				CODE_SIGN_IDENTITY = "Apple Development IOS Push Services: org.alex.ribbit";
				FRAMEWORK_SEARCH_PATHS = (
					"$(inherited)",
					"$(PROJECT_DIR)",
				);
				GCC_PRECOMPILE_PREFIX_HEADER = YES;
				GCC_PREFIX_HEADER = "Ribbit/Ribbit-Prefix.pch";
				INFOPLIST_FILE = "Ribbit/Ribbit-Info.plist";
				PRODUCT_NAME = "$(TARGET_NAME)";
				WRAPPER_EXTENSION = app;
			};
			name = Debug;
		};
		26BAEB8F1976051B0065B33F /* Release */ = {
			isa = XCBuildConfiguration;
			buildSettings = {
				ASSETCATALOG_COMPILER_APPICON_NAME = AppIcon;
				ASSETCATALOG_COMPILER_LAUNCHIMAGE_NAME = LaunchImage;
				CODE_SIGN_IDENTITY = "Apple Development IOS Push Services: org.alex.ribbit";
				FRAMEWORK_SEARCH_PATHS = (
					"$(inherited)",
					"$(PROJECT_DIR)",
				);
				GCC_PRECOMPILE_PREFIX_HEADER = YES;
				GCC_PREFIX_HEADER = "Ribbit/Ribbit-Prefix.pch";
				INFOPLIST_FILE = "Ribbit/Ribbit-Info.plist";
				PRODUCT_NAME = "$(TARGET_NAME)";
				WRAPPER_EXTENSION = app;
			};
			name = Release;
		};
		26BAEB911976051B0065B33F /* Debug */ = {
			isa = XCBuildConfiguration;
			buildSettings = {
				BUNDLE_LOADER = "$(BUILT_PRODUCTS_DIR)/Ribbit.app/Ribbit";
				FRAMEWORK_SEARCH_PATHS = (
					"$(SDKROOT)/Developer/Library/Frameworks",
					"$(inherited)",
					"$(DEVELOPER_FRAMEWORKS_DIR)",
				);
				GCC_PRECOMPILE_PREFIX_HEADER = YES;
				GCC_PREFIX_HEADER = "Ribbit/Ribbit-Prefix.pch";
				GCC_PREPROCESSOR_DEFINITIONS = (
					"DEBUG=1",
					"$(inherited)",
				);
				INFOPLIST_FILE = "RibbitTests/RibbitTests-Info.plist";
				PRODUCT_NAME = "$(TARGET_NAME)";
				TEST_HOST = "$(BUNDLE_LOADER)";
				WRAPPER_EXTENSION = xctest;
			};
			name = Debug;
		};
		26BAEB921976051B0065B33F /* Release */ = {
			isa = XCBuildConfiguration;
			buildSettings = {
				BUNDLE_LOADER = "$(BUILT_PRODUCTS_DIR)/Ribbit.app/Ribbit";
				FRAMEWORK_SEARCH_PATHS = (
					"$(SDKROOT)/Developer/Library/Frameworks",
					"$(inherited)",
					"$(DEVELOPER_FRAMEWORKS_DIR)",
				);
				GCC_PRECOMPILE_PREFIX_HEADER = YES;
				GCC_PREFIX_HEADER = "Ribbit/Ribbit-Prefix.pch";
				INFOPLIST_FILE = "RibbitTests/RibbitTests-Info.plist";
				PRODUCT_NAME = "$(TARGET_NAME)";
				TEST_HOST = "$(BUNDLE_LOADER)";
				WRAPPER_EXTENSION = xctest;
			};
			name = Release;
		};
/* End XCBuildConfiguration section */

/* Begin XCConfigurationList section */
		26BAEB5C1976051A0065B33F /* Build configuration list for PBXProject "Ribbit" */ = {
			isa = XCConfigurationList;
			buildConfigurations = (
				26BAEB8B1976051B0065B33F /* Debug */,
				26BAEB8C1976051B0065B33F /* Release */,
			);
			defaultConfigurationIsVisible = 0;
			defaultConfigurationName = Release;
		};
		26BAEB8D1976051B0065B33F /* Build configuration list for PBXNativeTarget "Ribbit" */ = {
			isa = XCConfigurationList;
			buildConfigurations = (
				26BAEB8E1976051B0065B33F /* Debug */,
				26BAEB8F1976051B0065B33F /* Release */,
			);
			defaultConfigurationIsVisible = 0;
			defaultConfigurationName = Release;
		};
		26BAEB901976051B0065B33F /* Build configuration list for PBXNativeTarget "RibbitTests" */ = {
			isa = XCConfigurationList;
			buildConfigurations = (
				26BAEB911976051B0065B33F /* Debug */,
				26BAEB921976051B0065B33F /* Release */,
			);
			defaultConfigurationIsVisible = 0;
			defaultConfigurationName = Release;
		};
/* End XCConfigurationList section */
	};
	rootObject = 26BAEB591976051A0065B33F /* Project object */;
}
